
Microsoft Visual Studio Solution File, Format Version 12.00
# Visual Studio 15
VisualStudioVersion = 15.0.27703.2000
MinimumVisualStudioVersion = 10.0.40219.1
Project("{FAE04EC0-301F-11D3-BF4B-00C04F79EFBC}") = "WhereIAm", "WhereIAm.csproj", "{3542F1CE-6A14-4225-989E-79F992AEFB36}"
EndProject
Global
	GlobalSection(SolutionConfigurationPlatforms) = preSolution
		Debug|Any CPU = Debug|Any CPU
		Release|Any CPU = Release|Any CPU
	EndGlobalSection
	GlobalSection(ProjectConfigurationPlatforms) = postSolution
		{3542F1CE-6A14-4225-989E-79F992AEFB36}.Debug|Any CPU.ActiveCfg = Debug|Any CPU
		{3542F1CE-6A14-4225-989E-79F992AEFB36}.Debug|Any CPU.Build.0 = Debug|Any CPU
		{3542F1CE-6A14-4225-989E-79F992AEFB36}.Release|Any CPU.ActiveCfg = Release|Any CPU
		{3542F1CE-6A14-4225-989E-79F992AEFB36}.Release|Any CPU.Build.0 = Release|Any CPU
	EndGlobalSection
	GlobalSection(SolutionProperties) = preSolution
		HideSolutionNode = FALSE
	EndGlobalSection
	GlobalSection(ExtensibilityGlobals) = postSolution
		SolutionGuid = {1B5814C6-F71C-436D-99CC-40A8330CD7D6}
	EndGlobalSection
EndGlobal
